
Microsoft Visual Studio Solution File, Format Version 12.00
# Visual Studio Version 17
VisualStudioVersion = 17.3.32819.101
MinimumVisualStudioVersion = 10.0.40219.1
Project("{FAE04EC0-301F-11D3-BF4B-00C04F79EFBC}") = "OOP.Enums", "OOP.Enums\OOP.Enums.csproj", "{F18AA9FA-2FE3-40D4-91B6-C1F472850F71}"
EndProject
Global
	GlobalSection(SolutionConfigurationPlatforms) = preSolution
		Debug|Any CPU = Debug|Any CPU
		Release|Any CPU = Release|Any CPU
	EndGlobalSection
	GlobalSection(ProjectConfigurationPlatforms) = postSolution
		{F18AA9FA-2FE3-40D4-91B6-C1F472850F71}.Debug|Any CPU.ActiveCfg = Debug|Any CPU
		{F18AA9FA-2FE3-40D4-91B6-C1F472850F71}.Debug|Any CPU.Build.0 = Debug|Any CPU
		{F18AA9FA-2FE3-40D4-91B6-C1F472850F71}.Release|Any CPU.ActiveCfg = Release|Any CPU
		{F18AA9FA-2FE3-40D4-91B6-C1F472850F71}.Release|Any CPU.Build.0 = Release|Any CPU
	EndGlobalSection
	GlobalSection(SolutionProperties) = preSolution
		HideSolutionNode = FALSE
	EndGlobalSection
	GlobalSection(ExtensibilityGlobals) = postSolution
		SolutionGuid = {F51CF2EA-D384-4E05-B265-3CDB6D1875E2}
	EndGlobalSection
EndGlobal
